
Microsoft Visual Studio Solution File, Format Version 12.00
# Visual Studio Version 17
VisualStudioVersion = 17.2.32519.379
MinimumVisualStudioVersion = 10.0.40219.1
Project("{FAE04EC0-301F-11D3-BF4B-00C04F79EFBC}") = "project_s00190262", "project_s00190262\project_s00190262.csproj", "{9212CE60-0FD5-493B-A932-2197659C4784}"
EndProject
Global
	GlobalSection(SolutionConfigurationPlatforms) = preSolution
		Debug|Any CPU = Debug|Any CPU
		Release|Any CPU = Release|Any CPU
	EndGlobalSection
	GlobalSection(ProjectConfigurationPlatforms) = postSolution
		{9212CE60-0FD5-493B-A932-2197659C4784}.Debug|Any CPU.ActiveCfg = Debug|Any CPU
		{9212CE60-0FD5-493B-A932-2197659C4784}.Debug|Any CPU.Build.0 = Debug|Any CPU
		{9212CE60-0FD5-493B-A932-2197659C4784}.Release|Any CPU.ActiveCfg = Release|Any CPU
		{9212CE60-0FD5-493B-A932-2197659C4784}.Release|Any CPU.Build.0 = Release|Any CPU
	EndGlobalSection
	GlobalSection(SolutionProperties) = preSolution
		HideSolutionNode = FALSE
	EndGlobalSection
	GlobalSection(ExtensibilityGlobals) = postSolution
		SolutionGuid = {32001BF4-016A-497D-A489-9C83E06A27ED}
	EndGlobalSection
EndGlobal
